
Microsoft Visual Studio Solution File, Format Version 12.00
# Visual Studio Version 16
VisualStudioVersion = 16.0.30711.63
MinimumVisualStudioVersion = 10.0.40219.1
Project("{D954291E-2A0B-460D-934E-DC6B0785DB48}") = "ProgWebApp.Shared", "ProgWebApp.Shared\ProgWebApp.Shared.shproj", "{6279C845-92F8-4333-AB99-3D213163593C}"
EndProject
Project("{FAE04EC0-301F-11D3-BF4B-00C04F79EFBC}") = "ProgWebApp.Droid", "ProgWebApp.Droid\ProgWebApp.Droid.csproj", "{59CE3114-3B97-4395-B6BD-46E45A9F1EFB}"
EndProject
Project("{FAE04EC0-301F-11D3-BF4B-00C04F79EFBC}") = "ProgWebApp.iOS", "ProgWebApp.iOS\ProgWebApp.iOS.csproj", "{D93F83AD-636E-46F9-9098-15DE6CF6318A}"
EndProject
Project("{FAE04EC0-301F-11D3-BF4B-00C04F79EFBC}") = "ProgWebApp.UWP", "ProgWebApp.UWP\ProgWebApp.UWP.csproj", "{6D6D181D-1CCD-486D-8259-966F1502DF51}"
EndProject
Project("{FAE04EC0-301F-11D3-BF4B-00C04F79EFBC}") = "ProgWebApp.Wasm", "ProgWebApp.Wasm\ProgWebApp.Wasm.csproj", "{CA1B4395-EF42-42A5-B5C4-EBDDA139A581}"
EndProject
Project("{FAE04EC0-301F-11D3-BF4B-00C04F79EFBC}") = "ProgWebApp.macOS", "ProgWebApp.macOS\ProgWebApp.macOS.csproj", "{BBB607BF-A3B5-4442-8388-B8A317F4D9B7}"
EndProject
Project("{FAE04EC0-301F-11D3-BF4B-00C04F79EFBC}") = "ProgWebApp.Skia.Wpf.Host", "ProgWebApp.Skia.Wpf.Host\ProgWebApp.Skia.Wpf.Host.csproj", "{B121F0CE-4EAA-4499-9C90-9018A0C3D879}"
EndProject
Project("{FAE04EC0-301F-11D3-BF4B-00C04F79EFBC}") = "ProgWebApp.Skia.Wpf", "ProgWebApp.Skia.Wpf\ProgWebApp.Skia.Wpf.csproj", "{C34F90ED-C042-407B-BAEA-38E481694BE3}"
EndProject
Project("{FAE04EC0-301F-11D3-BF4B-00C04F79EFBC}") = "ProgWebApp.Skia.Gtk", "ProgWebApp.Skia.Gtk\ProgWebApp.Skia.Gtk.csproj", "{F2E59005-8A48-4B29-BF04-3C5F593C4257}"
EndProject
Global
	GlobalSection(SharedMSBuildProjectFiles) = preSolution
		ProgWebApp.Shared\ProgWebApp.Shared.projitems*{59ce3114-3b97-4395-b6bd-46e45a9f1efb}*SharedItemsImports = 4
		ProgWebApp.Shared\ProgWebApp.Shared.projitems*{6279c845-92f8-4333-ab99-3d213163593c}*SharedItemsImports = 13
		ProgWebApp.Shared\ProgWebApp.Shared.projitems*{6d6d181d-1ccd-486d-8259-966f1502df51}*SharedItemsImports = 4
		ProgWebApp.Shared\ProgWebApp.Shared.projitems*{bbb607bf-a3b5-4442-8388-b8a317f4d9b7}*SharedItemsImports = 4
		ProgWebApp.Shared\ProgWebApp.Shared.projitems*{c34f90ed-c042-407b-baea-38e481694be3}*SharedItemsImports = 5
		ProgWebApp.Shared\ProgWebApp.Shared.projitems*{ca1b4395-ef42-42a5-b5c4-ebdda139a581}*SharedItemsImports = 5
		ProgWebApp.Shared\ProgWebApp.Shared.projitems*{d93f83ad-636e-46f9-9098-15de6cf6318a}*SharedItemsImports = 4
		ProgWebApp.Shared\ProgWebApp.Shared.projitems*{f2e59005-8a48-4b29-bf04-3c5f593c4257}*SharedItemsImports = 5
	EndGlobalSection
	GlobalSection(SolutionConfigurationPlatforms) = preSolution
		Ad-Hoc|Any CPU = Ad-Hoc|Any CPU
		Ad-Hoc|ARM = Ad-Hoc|ARM
		Ad-Hoc|ARM64 = Ad-Hoc|ARM64
		Ad-Hoc|iPhone = Ad-Hoc|iPhone
		Ad-Hoc|iPhoneSimulator = Ad-Hoc|iPhoneSimulator
		Ad-Hoc|x64 = Ad-Hoc|x64
		Ad-Hoc|x86 = Ad-Hoc|x86
		AppStore|Any CPU = AppStore|Any CPU
		AppStore|ARM = AppStore|ARM
		AppStore|ARM64 = AppStore|ARM64
		AppStore|iPhone = AppStore|iPhone
		AppStore|iPhoneSimulator = AppStore|iPhoneSimulator
		AppStore|x64 = AppStore|x64
		AppStore|x86 = AppStore|x86
		Debug|Any CPU = Debug|Any CPU
		Debug|ARM = Debug|ARM
		Debug|ARM64 = Debug|ARM64
		Debug|iPhone = Debug|iPhone
		Debug|iPhoneSimulator = Debug|iPhoneSimulator
		Debug|x64 = Debug|x64
		Debug|x86 = Debug|x86
		Release|Any CPU = Release|Any CPU
		Release|ARM = Release|ARM
		Release|ARM64 = Release|ARM64
		Release|iPhone = Release|iPhone
		Release|iPhoneSimulator = Release|iPhoneSimulator
		Release|x64 = Release|x64
		Release|x86 = Release|x86
	EndGlobalSection
	GlobalSection(ProjectConfigurationPlatforms) = postSolution
		{59CE3114-3B97-4395-B6BD-46E45A9F1EFB}.Ad-Hoc|Any CPU.ActiveCfg = Debug|Any CPU
		{59CE3114-3B97-4395-B6BD-46E45A9F1EFB}.Ad-Hoc|Any CPU.Build.0 = Debug|Any CPU
		{59CE3114-3B97-4395-B6BD-46E45A9F1EFB}.Ad-Hoc|Any CPU.Deploy.0 = Debug|Any CPU
		{59CE3114-3B97-4395-B6BD-46E45A9F1EFB}.Ad-Hoc|ARM.ActiveCfg = Debug|Any CPU
		{59CE3114-3B97-4395-B6BD-46E45A9F1EFB}.Ad-Hoc|ARM.Build.0 = Debug|Any CPU
		{59CE3114-3B97-4395-B6BD-46E45A9F1EFB}.Ad-Hoc|ARM.Deploy.0 = Debug|Any CPU
		{59CE3114-3B97-4395-B6BD-46E45A9F1EFB}.Ad-Hoc|ARM64.ActiveCfg = Debug|Any CPU
		{59CE3114-3B97-4395-B6BD-46E45A9F1EFB}.Ad-Hoc|ARM64.Build.0 = Debug|Any CPU
		{59CE3114-3B97-4395-B6BD-46E45A9F1EFB}.Ad-Hoc|ARM64.Deploy.0 = Debug|Any CPU
		{59CE3114-3B97-4395-B6BD-46E45A9F1EFB}.Ad-Hoc|iPhone.ActiveCfg = Debug|Any CPU
		{59CE3114-3B97-4395-B6BD-46E45A9F1EFB}.Ad-Hoc|iPhone.Build.0 = Debug|Any CPU
		{59CE3114-3B97-4395-B6BD-46E45A9F1EFB}.Ad-Hoc|iPhone.Deploy.0 = Debug|Any CPU
		{59CE3114-3B97-4395-B6BD-46E45A9F1EFB}.Ad-Hoc|iPhoneSimulator.ActiveCfg = Debug|Any CPU
		{59CE3114-3B97-4395-B6BD-46E45A9F1EFB}.Ad-Hoc|iPhoneSimulator.Build.0 = Debug|Any CPU
		{59CE3114-3B97-4395-B6BD-46E45A9F1EFB}.Ad-Hoc|iPhoneSimulator.Deploy.0 = Debug|Any CPU
		{59CE3114-3B97-4395-B6BD-46E45A9F1EFB}.Ad-Hoc|x64.ActiveCfg = Debug|Any CPU
		{59CE3114-3B97-4395-B6BD-46E45A9F1EFB}.Ad-Hoc|x64.Build.0 = Debug|Any CPU
		{59CE3114-3B97-4395-B6BD-46E45A9F1EFB}.Ad-Hoc|x64.Deploy.0 = Debug|Any CPU
		{59CE3114-3B97-4395-B6BD-46E45A9F1EFB}.Ad-Hoc|x86.ActiveCfg = Debug|Any CPU
		{59CE3114-3B97-4395-B6BD-46E45A9F1EFB}.Ad-Hoc|x86.Build.0 = Debug|Any CPU
		{59CE3114-3B97-4395-B6BD-46E45A9F1EFB}.Ad-Hoc|x86.Deploy.0 = Debug|Any CPU
		{59CE3114-3B97-4395-B6BD-46E45A9F1EFB}.AppStore|Any CPU.ActiveCfg = Debug|Any CPU
		{59CE3114-3B97-4395-B6BD-46E45A9F1EFB}.AppStore|Any CPU.Build.0 = Debug|Any CPU
		{59CE3114-3B97-4395-B6BD-46E45A9F1EFB}.AppStore|Any CPU.Deploy.0 = Debug|Any CPU
		{59CE3114-3B97-4395-B6BD-46E45A9F1EFB}.AppStore|ARM.ActiveCfg = Debug|Any CPU
		{59CE3114-3B97-4395-B6BD-46E45A9F1EFB}.AppStore|ARM.Build.0 = Debug|Any CPU
		{59CE3114-3B97-4395-B6BD-46E45A9F1EFB}.AppStore|ARM.Deploy.0 = Debug|Any CPU
		{59CE3114-3B97-4395-B6BD-46E45A9F1EFB}.AppStore|ARM64.ActiveCfg = Debug|Any CPU
		{59CE3114-3B97-4395-B6BD-46E45A9F1EFB}.AppStore|ARM64.Build.0 = Debug|Any CPU
		{59CE3114-3B97-4395-B6BD-46E45A9F1EFB}.AppStore|ARM64.Deploy.0 = Debug|Any CPU
		{59CE3114-3B97-4395-B6BD-46E45A9F1EFB}.AppStore|iPhone.ActiveCfg = Debug|Any CPU
		{59CE3114-3B97-4395-B6BD-46E45A9F1EFB}.AppStore|iPhone.Build.0 = Debug|Any CPU
		{59CE3114-3B97-4395-B6BD-46E45A9F1EFB}.AppStore|iPhone.Deploy.0 = Debug|Any CPU
		{59CE3114-3B97-4395-B6BD-46E45A9F1EFB}.AppStore|iPhoneSimulator.ActiveCfg = Debug|Any CPU
		{59CE3114-3B97-4395-B6BD-46E45A9F1EFB}.AppStore|iPhoneSimulator.Build.0 = Debug|Any CPU
		{59CE3114-3B97-4395-B6BD-46E45A9F1EFB}.AppStore|iPhoneSimulator.Deploy.0 = Debug|Any CPU
		{59CE3114-3B97-4395-B6BD-46E45A9F1EFB}.AppStore|x64.ActiveCfg = Debug|Any CPU
		{59CE3114-3B97-4395-B6BD-46E45A9F1EFB}.AppStore|x64.Build.0 = Debug|Any CPU
		{59CE3114-3B97-4395-B6BD-46E45A9F1EFB}.AppStore|x64.Deploy.0 = Debug|Any CPU
		{59CE3114-3B97-4395-B6BD-46E45A9F1EFB}.AppStore|x86.ActiveCfg = Debug|Any CPU
		{59CE3114-3B97-4395-B6BD-46E45A9F1EFB}.AppStore|x86.Build.0 = Debug|Any CPU
		{59CE3114-3B97-4395-B6BD-46E45A9F1EFB}.AppStore|x86.Deploy.0 = Debug|Any CPU
		{59CE3114-3B97-4395-B6BD-46E45A9F1EFB}.Debug|Any CPU.ActiveCfg = Debug|Any CPU
		{59CE3114-3B97-4395-B6BD-46E45A9F1EFB}.Debug|Any CPU.Build.0 = Debug|Any CPU
		{59CE3114-3B97-4395-B6BD-46E45A9F1EFB}.Debug|Any CPU.Deploy.0 = Debug|Any CPU
		{59CE3114-3B97-4395-B6BD-46E45A9F1EFB}.Debug|ARM.ActiveCfg = Debug|Any CPU
		{59CE3114-3B97-4395-B6BD-46E45A9F1EFB}.Debug|ARM.Build.0 = Debug|Any CPU
		{59CE3114-3B97-4395-B6BD-46E45A9F1EFB}.Debug|ARM.Deploy.0 = Debug|Any CPU
		{59CE3114-3B97-4395-B6BD-46E45A9F1EFB}.Debug|ARM64.ActiveCfg = Debug|Any CPU
		{59CE3114-3B97-4395-B6BD-46E45A9F1EFB}.Debug|ARM64.Build.0 = Debug|Any CPU
		{59CE3114-3B97-4395-B6BD-46E45A9F1EFB}.Debug|ARM64.Deploy.0 = Debug|Any CPU
		{59CE3114-3B97-4395-B6BD-46E45A9F1EFB}.Debug|iPhone.ActiveCfg = Debug|Any CPU
		{59CE3114-3B97-4395-B6BD-46E45A9F1EFB}.Debug|iPhone.Build.0 = Debug|Any CPU
		{59CE3114-3B97-4395-B6BD-46E45A9F1EFB}.Debug|iPhone.Deploy.0 = Debug|Any CPU
		{59CE3114-3B97-4395-B6BD-46E45A9F1EFB}.Debug|iPhoneSimulator.ActiveCfg = Debug|Any CPU
		{59CE3114-3B97-4395-B6BD-46E45A9F1EFB}.Debug|iPhoneSimulator.Build.0 = Debug|Any CPU
		{59CE3114-3B97-4395-B6BD-46E45A9F1EFB}.Debug|iPhoneSimulator.Deploy.0 = Debug|Any CPU
		{59CE3114-3B97-4395-B6BD-46E45A9F1EFB}.Debug|x64.ActiveCfg = Debug|Any CPU
		{59CE3114-3B97-4395-B6BD-46E45A9F1EFB}.Debug|x64.Build.0 = Debug|Any CPU
		{59CE3114-3B97-4395-B6BD-46E45A9F1EFB}.Debug|x64.Deploy.0 = Debug|Any CPU
		{59CE3114-3B97-4395-B6BD-46E45A9F1EFB}.Debug|x86.ActiveCfg = Debug|Any CPU
		{59CE3114-3B97-4395-B6BD-46E45A9F1EFB}.Debug|x86.Build.0 = Debug|Any CPU
		{59CE3114-3B97-4395-B6BD-46E45A9F1EFB}.Debug|x86.Deploy.0 = Debug|Any CPU
		{59CE3114-3B97-4395-B6BD-46E45A9F1EFB}.Release|Any CPU.ActiveCfg = Release|Any CPU
		{59CE3114-3B97-4395-B6BD-46E45A9F1EFB}.Release|Any CPU.Build.0 = Release|Any CPU
		{59CE3114-3B97-4395-B6BD-46E45A9F1EFB}.Release|Any CPU.Deploy.0 = Release|Any CPU
		{59CE3114-3B97-4395-B6BD-46E45A9F1EFB}.Release|ARM.ActiveCfg = Release|Any CPU
		{59CE3114-3B97-4395-B6BD-46E45A9F1EFB}.Release|ARM.Build.0 = Release|Any CPU
		{59CE3114-3B97-4395-B6BD-46E45A9F1EFB}.Release|ARM.Deploy.0 = Release|Any CPU
		{59CE3114-3B97-4395-B6BD-46E45A9F1EFB}.Release|ARM64.ActiveCfg = Release|Any CPU
		{59CE3114-3B97-4395-B6BD-46E45A9F1EFB}.Release|ARM64.Build.0 = Release|Any CPU
		{59CE3114-3B97-4395-B6BD-46E45A9F1EFB}.Release|ARM64.Deploy.0 = Release|Any CPU
		{59CE3114-3B97-4395-B6BD-46E45A9F1EFB}.Release|iPhone.ActiveCfg = Release|Any CPU
		{59CE3114-3B97-4395-B6BD-46E45A9F1EFB}.Release|iPhone.Build.0 = Release|Any CPU
		{59CE3114-3B97-4395-B6BD-46E45A9F1EFB}.Release|iPhone.Deploy.0 = Release|Any CPU
		{59CE3114-3B97-4395-B6BD-46E45A9F1EFB}.Release|iPhoneSimulator.ActiveCfg = Release|Any CPU
		{59CE3114-3B97-4395-B6BD-46E45A9F1EFB}.Release|iPhoneSimulator.Build.0 = Release|Any CPU
		{59CE3114-3B97-4395-B6BD-46E45A9F1EFB}.Release|iPhoneSimulator.Deploy.0 = Release|Any CPU
		{59CE3114-3B97-4395-B6BD-46E45A9F1EFB}.Release|x64.ActiveCfg = Release|Any CPU
		{59CE3114-3B97-4395-B6BD-46E45A9F1EFB}.Release|x64.Build.0 = Release|Any CPU
		{59CE3114-3B97-4395-B6BD-46E45A9F1EFB}.Release|x64.Deploy.0 = Release|Any CPU
		{59CE3114-3B97-4395-B6BD-46E45A9F1EFB}.Release|x86.ActiveCfg = Release|Any CPU
		{59CE3114-3B97-4395-B6BD-46E45A9F1EFB}.Release|x86.Build.0 = Release|Any CPU
		{59CE3114-3B97-4395-B6BD-46E45A9F1EFB}.Release|x86.Deploy.0 = Release|Any CPU
		{D93F83AD-636E-46F9-9098-15DE6CF6318A}.Ad-Hoc|Any CPU.ActiveCfg = Ad-Hoc|iPhoneSimulator
		{D93F83AD-636E-46F9-9098-15DE6CF6318A}.Ad-Hoc|ARM.ActiveCfg = Ad-Hoc|iPhoneSimulator
		{D93F83AD-636E-46F9-9098-15DE6CF6318A}.Ad-Hoc|ARM64.ActiveCfg = Ad-Hoc|iPhoneSimulator
		{D93F83AD-636E-46F9-9098-15DE6CF6318A}.Ad-Hoc|iPhone.ActiveCfg = Ad-Hoc|iPhone
		{D93F83AD-636E-46F9-9098-15DE6CF6318A}.Ad-Hoc|iPhone.Build.0 = Ad-Hoc|iPhone
		{D93F83AD-636E-46F9-9098-15DE6CF6318A}.Ad-Hoc|iPhoneSimulator.ActiveCfg = Ad-Hoc|iPhoneSimulator
		{D93F83AD-636E-46F9-9098-15DE6CF6318A}.Ad-Hoc|iPhoneSimulator.Build.0 = Ad-Hoc|iPhoneSimulator
		{D93F83AD-636E-46F9-9098-15DE6CF6318A}.Ad-Hoc|x64.ActiveCfg = Ad-Hoc|iPhoneSimulator
		{D93F83AD-636E-46F9-9098-15DE6CF6318A}.Ad-Hoc|x86.ActiveCfg = Ad-Hoc|iPhoneSimulator
		{D93F83AD-636E-46F9-9098-15DE6CF6318A}.AppStore|Any CPU.ActiveCfg = AppStore|iPhoneSimulator
		{D93F83AD-636E-46F9-9098-15DE6CF6318A}.AppStore|ARM.ActiveCfg = AppStore|iPhoneSimulator
		{D93F83AD-636E-46F9-9098-15DE6CF6318A}.AppStore|ARM64.ActiveCfg = AppStore|iPhoneSimulator
		{D93F83AD-636E-46F9-9098-15DE6CF6318A}.AppStore|iPhone.ActiveCfg = AppStore|iPhone
		{D93F83AD-636E-46F9-9098-15DE6CF6318A}.AppStore|iPhone.Build.0 = AppStore|iPhone
		{D93F83AD-636E-46F9-9098-15DE6CF6318A}.AppStore|iPhoneSimulator.ActiveCfg = AppStore|iPhoneSimulator
		{D93F83AD-636E-46F9-9098-15DE6CF6318A}.AppStore|iPhoneSimulator.Build.0 = AppStore|iPhoneSimulator
		{D93F83AD-636E-46F9-9098-15DE6CF6318A}.AppStore|x64.ActiveCfg = AppStore|iPhoneSimulator
		{D93F83AD-636E-46F9-9098-15DE6CF6318A}.AppStore|x86.ActiveCfg = AppStore|iPhoneSimulator
		{D93F83AD-636E-46F9-9098-15DE6CF6318A}.Debug|Any CPU.ActiveCfg = Debug|iPhoneSimulator
		{D93F83AD-636E-46F9-9098-15DE6CF6318A}.Debug|ARM.ActiveCfg = Debug|iPhoneSimulator
		{D93F83AD-636E-46F9-9098-15DE6CF6318A}.Debug|ARM64.ActiveCfg = Debug|iPhoneSimulator
		{D93F83AD-636E-46F9-9098-15DE6CF6318A}.Debug|iPhone.ActiveCfg = Debug|iPhone
		{D93F83AD-636E-46F9-9098-15DE6CF6318A}.Debug|iPhone.Build.0 = Debug|iPhone
		{D93F83AD-636E-46F9-9098-15DE6CF6318A}.Debug|iPhoneSimulator.ActiveCfg = Debug|iPhoneSimulator
		{D93F83AD-636E-46F9-9098-15DE6CF6318A}.Debug|iPhoneSimulator.Build.0 = Debug|iPhoneSimulator
		{D93F83AD-636E-46F9-9098-15DE6CF6318A}.Debug|x64.ActiveCfg = Debug|iPhoneSimulator
		{D93F83AD-636E-46F9-9098-15DE6CF6318A}.Debug|x86.ActiveCfg = Debug|iPhoneSimulator
		{D93F83AD-636E-46F9-9098-15DE6CF6318A}.Release|Any CPU.ActiveCfg = Release|iPhoneSimulator
		{D93F83AD-636E-46F9-9098-15DE6CF6318A}.Release|ARM.ActiveCfg = Release|iPhoneSimulator
		{D93F83AD-636E-46F9-9098-15DE6CF6318A}.Release|ARM64.ActiveCfg = Release|iPhoneSimulator
		{D93F83AD-636E-46F9-9098-15DE6CF6318A}.Release|iPhone.ActiveCfg = Release|iPhone
		{D93F83AD-636E-46F9-9098-15DE6CF6318A}.Release|iPhone.Build.0 = Release|iPhone
		{D93F83AD-636E-46F9-9098-15DE6CF6318A}.Release|iPhoneSimulator.ActiveCfg = Release|iPhoneSimulator
		{D93F83AD-636E-46F9-9098-15DE6CF6318A}.Release|iPhoneSimulator.Build.0 = Release|iPhoneSimulator
		{D93F83AD-636E-46F9-9098-15DE6CF6318A}.Release|x64.ActiveCfg = Release|iPhoneSimulator
		{D93F83AD-636E-46F9-9098-15DE6CF6318A}.Release|x86.ActiveCfg = Release|iPhoneSimulator
		{6D6D181D-1CCD-486D-8259-966F1502DF51}.Ad-Hoc|Any CPU.ActiveCfg = Debug|x86
		{6D6D181D-1CCD-486D-8259-966F1502DF51}.Ad-Hoc|Any CPU.Build.0 = Debug|x86
		{6D6D181D-1CCD-486D-8259-966F1502DF51}.Ad-Hoc|Any CPU.Deploy.0 = Debug|x86
		{6D6D181D-1CCD-486D-8259-966F1502DF51}.Ad-Hoc|ARM.ActiveCfg = Debug|ARM
		{6D6D181D-1CCD-486D-8259-966F1502DF51}.Ad-Hoc|ARM.Build.0 = Debug|ARM
		{6D6D181D-1CCD-486D-8259-966F1502DF51}.Ad-Hoc|ARM.Deploy.0 = Debug|ARM
		{6D6D181D-1CCD-486D-8259-966F1502DF51}.Ad-Hoc|ARM64.ActiveCfg = Debug|ARM64
		{6D6D181D-1CCD-486D-8259-966F1502DF51}.Ad-Hoc|ARM64.Build.0 = Debug|ARM64
		{6D6D181D-1CCD-486D-8259-966F1502DF51}.Ad-Hoc|ARM64.Deploy.0 = Debug|ARM64
		{6D6D181D-1CCD-486D-8259-966F1502DF51}.Ad-Hoc|iPhone.ActiveCfg = Debug|x86
		{6D6D181D-1CCD-486D-8259-966F1502DF51}.Ad-Hoc|iPhone.Build.0 = Debug|x86
		{6D6D181D-1CCD-486D-8259-966F1502DF51}.Ad-Hoc|iPhone.Deploy.0 = Debug|x86
		{6D6D181D-1CCD-486D-8259-966F1502DF51}.Ad-Hoc|iPhoneSimulator.ActiveCfg = Debug|x86
		{6D6D181D-1CCD-486D-8259-966F1502DF51}.Ad-Hoc|iPhoneSimulator.Build.0 = Debug|x86
		{6D6D181D-1CCD-486D-8259-966F1502DF51}.Ad-Hoc|iPhoneSimulator.Deploy.0 = Debug|x86
		{6D6D181D-1CCD-486D-8259-966F1502DF51}.Ad-Hoc|x64.ActiveCfg = Debug|x64
		{6D6D181D-1CCD-486D-8259-966F1502DF51}.Ad-Hoc|x64.Build.0 = Debug|x64
		{6D6D181D-1CCD-486D-8259-966F1502DF51}.Ad-Hoc|x64.Deploy.0 = Debug|x64
		{6D6D181D-1CCD-486D-8259-966F1502DF51}.Ad-Hoc|x86.ActiveCfg = Debug|x86
		{6D6D181D-1CCD-486D-8259-966F1502DF51}.Ad-Hoc|x86.Build.0 = Debug|x86
		{6D6D181D-1CCD-486D-8259-966F1502DF51}.Ad-Hoc|x86.Deploy.0 = Debug|x86
		{6D6D181D-1CCD-486D-8259-966F1502DF51}.AppStore|Any CPU.ActiveCfg = Debug|x86
		{6D6D181D-1CCD-486D-8259-966F1502DF51}.AppStore|Any CPU.Build.0 = Debug|x86
		{6D6D181D-1CCD-486D-8259-966F1502DF51}.AppStore|Any CPU.Deploy.0 = Debug|x86
		{6D6D181D-1CCD-486D-8259-966F1502DF51}.AppStore|ARM.ActiveCfg = Debug|ARM
		{6D6D181D-1CCD-486D-8259-966F1502DF51}.AppStore|ARM.Build.0 = Debug|ARM
		{6D6D181D-1CCD-486D-8259-966F1502DF51}.AppStore|ARM.Deploy.0 = Debug|ARM
		{6D6D181D-1CCD-486D-8259-966F1502DF51}.AppStore|ARM64.ActiveCfg = Debug|ARM64
		{6D6D181D-1CCD-486D-8259-966F1502DF51}.AppStore|ARM64.Build.0 = Debug|ARM64
		{6D6D181D-1CCD-486D-8259-966F1502DF51}.AppStore|ARM64.Deploy.0 = Debug|ARM64
		{6D6D181D-1CCD-486D-8259-966F1502DF51}.AppStore|iPhone.ActiveCfg = Debug|x86
		{6D6D181D-1CCD-486D-8259-966F1502DF51}.AppStore|iPhone.Build.0 = Debug|x86
		{6D6D181D-1CCD-486D-8259-966F1502DF51}.AppStore|iPhone.Deploy.0 = Debug|x86
		{6D6D181D-1CCD-486D-8259-966F1502DF51}.AppStore|iPhoneSimulator.ActiveCfg = Debug|x86
		{6D6D181D-1CCD-486D-8259-966F1502DF51}.AppStore|iPhoneSimulator.Build.0 = Debug|x86
		{6D6D181D-1CCD-486D-8259-966F1502DF51}.AppStore|iPhoneSimulator.Deploy.0 = Debug|x86
		{6D6D181D-1CCD-486D-8259-966F1502DF51}.AppStore|x64.ActiveCfg = Debug|x64
		{6D6D181D-1CCD-486D-8259-966F1502DF51}.AppStore|x64.Build.0 = Debug|x64
		{6D6D181D-1CCD-486D-8259-966F1502DF51}.AppStore|x64.Deploy.0 = Debug|x64
		{6D6D181D-1CCD-486D-8259-966F1502DF51}.AppStore|x86.ActiveCfg = Debug|x86
		{6D6D181D-1CCD-486D-8259-966F1502DF51}.AppStore|x86.Build.0 = Debug|x86
		{6D6D181D-1CCD-486D-8259-966F1502DF51}.AppStore|x86.Deploy.0 = Debug|x86
		{6D6D181D-1CCD-486D-8259-966F1502DF51}.Debug|Any CPU.ActiveCfg = Debug|x86
		{6D6D181D-1CCD-486D-8259-966F1502DF51}.Debug|ARM.ActiveCfg = Debug|ARM
		{6D6D181D-1CCD-486D-8259-966F1502DF51}.Debug|ARM.Build.0 = Debug|ARM
		{6D6D181D-1CCD-486D-8259-966F1502DF51}.Debug|ARM.Deploy.0 = Debug|ARM
		{6D6D181D-1CCD-486D-8259-966F1502DF51}.Debug|ARM64.ActiveCfg = Debug|ARM64
		{6D6D181D-1CCD-486D-8259-966F1502DF51}.Debug|ARM64.Build.0 = Debug|ARM64
		{6D6D181D-1CCD-486D-8259-966F1502DF51}.Debug|ARM64.Deploy.0 = Debug|ARM64
		{6D6D181D-1CCD-486D-8259-966F1502DF51}.Debug|iPhone.ActiveCfg = Debug|x86
		{6D6D181D-1CCD-486D-8259-966F1502DF51}.Debug|iPhoneSimulator.ActiveCfg = Debug|x86
		{6D6D181D-1CCD-486D-8259-966F1502DF51}.Debug|x64.ActiveCfg = Debug|x64
		{6D6D181D-1CCD-486D-8259-966F1502DF51}.Debug|x64.Build.0 = Debug|x64
		{6D6D181D-1CCD-486D-8259-966F1502DF51}.Debug|x64.Deploy.0 = Debug|x64
		{6D6D181D-1CCD-486D-8259-966F1502DF51}.Debug|x86.ActiveCfg = Debug|x86
		{6D6D181D-1CCD-486D-8259-966F1502DF51}.Debug|x86.Build.0 = Debug|x86
		{6D6D181D-1CCD-486D-8259-966F1502DF51}.Debug|x86.Deploy.0 = Debug|x86
		{6D6D181D-1CCD-486D-8259-966F1502DF51}.Release|Any CPU.ActiveCfg = Release|x86
		{6D6D181D-1CCD-486D-8259-966F1502DF51}.Release|ARM.ActiveCfg = Release|ARM
		{6D6D181D-1CCD-486D-8259-966F1502DF51}.Release|ARM.Build.0 = Release|ARM
		{6D6D181D-1CCD-486D-8259-966F1502DF51}.Release|ARM.Deploy.0 = Release|ARM
		{6D6D181D-1CCD-486D-8259-966F1502DF51}.Release|ARM64.ActiveCfg = Release|ARM64
		{6D6D181D-1CCD-486D-8259-966F1502DF51}.Release|ARM64.Build.0 = Release|ARM64
		{6D6D181D-1CCD-486D-8259-966F1502DF51}.Release|ARM64.Deploy.0 = Release|ARM64
		{6D6D181D-1CCD-486D-8259-966F1502DF51}.Release|iPhone.ActiveCfg = Release|x86
		{6D6D181D-1CCD-486D-8259-966F1502DF51}.Release|iPhoneSimulator.ActiveCfg = Release|x86
		{6D6D181D-1CCD-486D-8259-966F1502DF51}.Release|x64.ActiveCfg = Release|x64
		{6D6D181D-1CCD-486D-8259-966F1502DF51}.Release|x64.Build.0 = Release|x64
		{6D6D181D-1CCD-486D-8259-966F1502DF51}.Release|x64.Deploy.0 = Release|x64
		{6D6D181D-1CCD-486D-8259-966F1502DF51}.Release|x86.ActiveCfg = Release|x86
		{6D6D181D-1CCD-486D-8259-966F1502DF51}.Release|x86.Build.0 = Release|x86
		{6D6D181D-1CCD-486D-8259-966F1502DF51}.Release|x86.Deploy.0 = Release|x86
		{CA1B4395-EF42-42A5-B5C4-EBDDA139A581}.Ad-Hoc|Any CPU.ActiveCfg = Debug|Any CPU
		{CA1B4395-EF42-42A5-B5C4-EBDDA139A581}.Ad-Hoc|Any CPU.Build.0 = Debug|Any CPU
		{CA1B4395-EF42-42A5-B5C4-EBDDA139A581}.Ad-Hoc|ARM.ActiveCfg = Debug|Any CPU
		{CA1B4395-EF42-42A5-B5C4-EBDDA139A581}.Ad-Hoc|ARM.Build.0 = Debug|Any CPU
		{CA1B4395-EF42-42A5-B5C4-EBDDA139A581}.Ad-Hoc|ARM64.ActiveCfg = Debug|Any CPU
		{CA1B4395-EF42-42A5-B5C4-EBDDA139A581}.Ad-Hoc|ARM64.Build.0 = Debug|Any CPU
		{CA1B4395-EF42-42A5-B5C4-EBDDA139A581}.Ad-Hoc|iPhone.ActiveCfg = Debug|Any CPU
		{CA1B4395-EF42-42A5-B5C4-EBDDA139A581}.Ad-Hoc|iPhone.Build.0 = Debug|Any CPU
		{CA1B4395-EF42-42A5-B5C4-EBDDA139A581}.Ad-Hoc|iPhoneSimulator.ActiveCfg = Debug|Any CPU
		{CA1B4395-EF42-42A5-B5C4-EBDDA139A581}.Ad-Hoc|iPhoneSimulator.Build.0 = Debug|Any CPU
		{CA1B4395-EF42-42A5-B5C4-EBDDA139A581}.Ad-Hoc|x64.ActiveCfg = Debug|Any CPU
		{CA1B4395-EF42-42A5-B5C4-EBDDA139A581}.Ad-Hoc|x64.Build.0 = Debug|Any CPU
		{CA1B4395-EF42-42A5-B5C4-EBDDA139A581}.Ad-Hoc|x86.ActiveCfg = Debug|Any CPU
		{CA1B4395-EF42-42A5-B5C4-EBDDA139A581}.Ad-Hoc|x86.Build.0 = Debug|Any CPU
		{CA1B4395-EF42-42A5-B5C4-EBDDA139A581}.AppStore|Any CPU.ActiveCfg = Debug|Any CPU
		{CA1B4395-EF42-42A5-B5C4-EBDDA139A581}.AppStore|Any CPU.Build.0 = Debug|Any CPU
		{CA1B4395-EF42-42A5-B5C4-EBDDA139A581}.AppStore|ARM.ActiveCfg = Debug|Any CPU
		{CA1B4395-EF42-42A5-B5C4-EBDDA139A581}.AppStore|ARM.Build.0 = Debug|Any CPU
		{CA1B4395-EF42-42A5-B5C4-EBDDA139A581}.AppStore|ARM64.ActiveCfg = Debug|Any CPU
		{CA1B4395-EF42-42A5-B5C4-EBDDA139A581}.AppStore|ARM64.Build.0 = Debug|Any CPU
		{CA1B4395-EF42-42A5-B5C4-EBDDA139A581}.AppStore|iPhone.ActiveCfg = Debug|Any CPU
		{CA1B4395-EF42-42A5-B5C4-EBDDA139A581}.AppStore|iPhone.Build.0 = Debug|Any CPU
		{CA1B4395-EF42-42A5-B5C4-EBDDA139A581}.AppStore|iPhoneSimulator.ActiveCfg = Debug|Any CPU
		{CA1B4395-EF42-42A5-B5C4-EBDDA139A581}.AppStore|iPhoneSimulator.Build.0 = Debug|Any CPU
		{CA1B4395-EF42-42A5-B5C4-EBDDA139A581}.AppStore|x64.ActiveCfg = Debug|Any CPU
		{CA1B4395-EF42-42A5-B5C4-EBDDA139A581}.AppStore|x64.Build.0 = Debug|Any CPU
		{CA1B4395-EF42-42A5-B5C4-EBDDA139A581}.AppStore|x86.ActiveCfg = Debug|Any CPU
		{CA1B4395-EF42-42A5-B5C4-EBDDA139A581}.AppStore|x86.Build.0 = Debug|Any CPU
		{CA1B4395-EF42-42A5-B5C4-EBDDA139A581}.Debug|Any CPU.ActiveCfg = Debug|Any CPU
		{CA1B4395-EF42-42A5-B5C4-EBDDA139A581}.Debug|Any CPU.Build.0 = Debug|Any CPU
		{CA1B4395-EF42-42A5-B5C4-EBDDA139A581}.Debug|ARM.ActiveCfg = Debug|Any CPU
		{CA1B4395-EF42-42A5-B5C4-EBDDA139A581}.Debug|ARM.Build.0 = Debug|Any CPU
		{CA1B4395-EF42-42A5-B5C4-EBDDA139A581}.Debug|ARM64.ActiveCfg = Debug|Any CPU
		{CA1B4395-EF42-42A5-B5C4-EBDDA139A581}.Debug|ARM64.Build.0 = Debug|Any CPU
		{CA1B4395-EF42-42A5-B5C4-EBDDA139A581}.Debug|iPhone.ActiveCfg = Debug|Any CPU
		{CA1B4395-EF42-42A5-B5C4-EBDDA139A581}.Debug|iPhone.Build.0 = Debug|Any CPU
		{CA1B4395-EF42-42A5-B5C4-EBDDA139A581}.Debug|iPhoneSimulator.ActiveCfg = Debug|Any CPU
		{CA1B4395-EF42-42A5-B5C4-EBDDA139A581}.Debug|iPhoneSimulator.Build.0 = Debug|Any CPU
		{CA1B4395-EF42-42A5-B5C4-EBDDA139A581}.Debug|x64.ActiveCfg = Debug|Any CPU
		{CA1B4395-EF42-42A5-B5C4-EBDDA139A581}.Debug|x64.Build.0 = Debug|Any CPU
		{CA1B4395-EF42-42A5-B5C4-EBDDA139A581}.Debug|x86.ActiveCfg = Debug|Any CPU
		{CA1B4395-EF42-42A5-B5C4-EBDDA139A581}.Debug|x86.Build.0 = Debug|Any CPU
		{CA1B4395-EF42-42A5-B5C4-EBDDA139A581}.Release|Any CPU.ActiveCfg = Release|Any CPU
		{CA1B4395-EF42-42A5-B5C4-EBDDA139A581}.Release|Any CPU.Build.0 = Release|Any CPU
		{CA1B4395-EF42-42A5-B5C4-EBDDA139A581}.Release|ARM.ActiveCfg = Release|Any CPU
		{CA1B4395-EF42-42A5-B5C4-EBDDA139A581}.Release|ARM.Build.0 = Release|Any CPU
		{CA1B4395-EF42-42A5-B5C4-EBDDA139A581}.Release|ARM64.ActiveCfg = Release|Any CPU
		{CA1B4395-EF42-42A5-B5C4-EBDDA139A581}.Release|ARM64.Build.0 = Release|Any CPU
		{CA1B4395-EF42-42A5-B5C4-EBDDA139A581}.Release|iPhone.ActiveCfg = Release|Any CPU
		{CA1B4395-EF42-42A5-B5C4-EBDDA139A581}.Release|iPhone.Build.0 = Release|Any CPU
		{CA1B4395-EF42-42A5-B5C4-EBDDA139A581}.Release|iPhoneSimulator.ActiveCfg = Release|Any CPU
		{CA1B4395-EF42-42A5-B5C4-EBDDA139A581}.Release|iPhoneSimulator.Build.0 = Release|Any CPU
		{CA1B4395-EF42-42A5-B5C4-EBDDA139A581}.Release|x64.ActiveCfg = Release|Any CPU
		{CA1B4395-EF42-42A5-B5C4-EBDDA139A581}.Release|x64.Build.0 = Release|Any CPU
		{CA1B4395-EF42-42A5-B5C4-EBDDA139A581}.Release|x86.ActiveCfg = Release|Any CPU
		{CA1B4395-EF42-42A5-B5C4-EBDDA139A581}.Release|x86.Build.0 = Release|Any CPU
		{BBB607BF-A3B5-4442-8388-B8A317F4D9B7}.Ad-Hoc|Any CPU.ActiveCfg = Debug|iPhoneSimulator
		{BBB607BF-A3B5-4442-8388-B8A317F4D9B7}.Ad-Hoc|Any CPU.Build.0 = Debug|iPhoneSimulator
		{BBB607BF-A3B5-4442-8388-B8A317F4D9B7}.Ad-Hoc|ARM.ActiveCfg = Debug|iPhoneSimulator
		{BBB607BF-A3B5-4442-8388-B8A317F4D9B7}.Ad-Hoc|ARM.Build.0 = Debug|iPhoneSimulator
		{BBB607BF-A3B5-4442-8388-B8A317F4D9B7}.Ad-Hoc|ARM64.ActiveCfg = Debug|iPhoneSimulator
		{BBB607BF-A3B5-4442-8388-B8A317F4D9B7}.Ad-Hoc|ARM64.Build.0 = Debug|iPhoneSimulator
		{BBB607BF-A3B5-4442-8388-B8A317F4D9B7}.Ad-Hoc|iPhone.ActiveCfg = Debug|iPhoneSimulator
		{BBB607BF-A3B5-4442-8388-B8A317F4D9B7}.Ad-Hoc|iPhone.Build.0 = Debug|iPhoneSimulator
		{BBB607BF-A3B5-4442-8388-B8A317F4D9B7}.Ad-Hoc|iPhoneSimulator.ActiveCfg = Debug|iPhoneSimulator
		{BBB607BF-A3B5-4442-8388-B8A317F4D9B7}.Ad-Hoc|iPhoneSimulator.Build.0 = Debug|iPhoneSimulator
		{BBB607BF-A3B5-4442-8388-B8A317F4D9B7}.Ad-Hoc|x64.ActiveCfg = Debug|iPhoneSimulator
		{BBB607BF-A3B5-4442-8388-B8A317F4D9B7}.Ad-Hoc|x64.Build.0 = Debug|iPhoneSimulator
		{BBB607BF-A3B5-4442-8388-B8A317F4D9B7}.Ad-Hoc|x86.ActiveCfg = Debug|iPhoneSimulator
		{BBB607BF-A3B5-4442-8388-B8A317F4D9B7}.Ad-Hoc|x86.Build.0 = Debug|iPhoneSimulator
		{BBB607BF-A3B5-4442-8388-B8A317F4D9B7}.AppStore|Any CPU.ActiveCfg = Debug|iPhoneSimulator
		{BBB607BF-A3B5-4442-8388-B8A317F4D9B7}.AppStore|Any CPU.Build.0 = Debug|iPhoneSimulator
		{BBB607BF-A3B5-4442-8388-B8A317F4D9B7}.AppStore|ARM.ActiveCfg = Debug|iPhoneSimulator
		{BBB607BF-A3B5-4442-8388-B8A317F4D9B7}.AppStore|ARM.Build.0 = Debug|iPhoneSimulator
		{BBB607BF-A3B5-4442-8388-B8A317F4D9B7}.AppStore|ARM64.ActiveCfg = Debug|iPhoneSimulator
		{BBB607BF-A3B5-4442-8388-B8A317F4D9B7}.AppStore|ARM64.Build.0 = Debug|iPhoneSimulator
		{BBB607BF-A3B5-4442-8388-B8A317F4D9B7}.AppStore|iPhone.ActiveCfg = Debug|iPhoneSimulator
		{BBB607BF-A3B5-4442-8388-B8A317F4D9B7}.AppStore|iPhone.Build.0 = Debug|iPhoneSimulator
		{BBB607BF-A3B5-4442-8388-B8A317F4D9B7}.AppStore|iPhoneSimulator.ActiveCfg = Debug|iPhoneSimulator
		{BBB607BF-A3B5-4442-8388-B8A317F4D9B7}.AppStore|iPhoneSimulator.Build.0 = Debug|iPhoneSimulator
		{BBB607BF-A3B5-4442-8388-B8A317F4D9B7}.AppStore|x64.ActiveCfg = Debug|iPhoneSimulator
		{BBB607BF-A3B5-4442-8388-B8A317F4D9B7}.AppStore|x64.Build.0 = Debug|iPhoneSimulator
		{BBB607BF-A3B5-4442-8388-B8A317F4D9B7}.AppStore|x86.ActiveCfg = Debug|iPhoneSimulator
		{BBB607BF-A3B5-4442-8388-B8A317F4D9B7}.AppStore|x86.Build.0 = Debug|iPhoneSimulator
		{BBB607BF-A3B5-4442-8388-B8A317F4D9B7}.Debug|Any CPU.ActiveCfg = Debug|iPhoneSimulator
		{BBB607BF-A3B5-4442-8388-B8A317F4D9B7}.Debug|ARM.ActiveCfg = Debug|iPhoneSimulator
		{BBB607BF-A3B5-4442-8388-B8A317F4D9B7}.Debug|ARM64.ActiveCfg = Debug|iPhoneSimulator
		{BBB607BF-A3B5-4442-8388-B8A317F4D9B7}.Debug|iPhone.ActiveCfg = Debug|iPhoneSimulator
		{BBB607BF-A3B5-4442-8388-B8A317F4D9B7}.Debug|iPhoneSimulator.ActiveCfg = Debug|iPhoneSimulator
		{BBB607BF-A3B5-4442-8388-B8A317F4D9B7}.Debug|iPhoneSimulator.Build.0 = Debug|iPhoneSimulator
		{BBB607BF-A3B5-4442-8388-B8A317F4D9B7}.Debug|x64.ActiveCfg = Debug|iPhoneSimulator
		{BBB607BF-A3B5-4442-8388-B8A317F4D9B7}.Debug|x86.ActiveCfg = Debug|iPhoneSimulator
		{BBB607BF-A3B5-4442-8388-B8A317F4D9B7}.Release|Any CPU.ActiveCfg = Release|iPhoneSimulator
		{BBB607BF-A3B5-4442-8388-B8A317F4D9B7}.Release|ARM.ActiveCfg = Release|iPhoneSimulator
		{BBB607BF-A3B5-4442-8388-B8A317F4D9B7}.Release|ARM64.ActiveCfg = Release|iPhoneSimulator
		{BBB607BF-A3B5-4442-8388-B8A317F4D9B7}.Release|iPhone.ActiveCfg = Release|iPhoneSimulator
		{BBB607BF-A3B5-4442-8388-B8A317F4D9B7}.Release|iPhoneSimulator.ActiveCfg = Release|iPhoneSimulator
		{BBB607BF-A3B5-4442-8388-B8A317F4D9B7}.Release|iPhoneSimulator.Build.0 = Release|iPhoneSimulator
		{BBB607BF-A3B5-4442-8388-B8A317F4D9B7}.Release|x64.ActiveCfg = Release|iPhoneSimulator
		{BBB607BF-A3B5-4442-8388-B8A317F4D9B7}.Release|x86.ActiveCfg = Release|iPhoneSimulator
		{B121F0CE-4EAA-4499-9C90-9018A0C3D879}.Ad-Hoc|Any CPU.ActiveCfg = Debug|Any CPU
		{B121F0CE-4EAA-4499-9C90-9018A0C3D879}.Ad-Hoc|Any CPU.Build.0 = Debug|Any CPU
		{B121F0CE-4EAA-4499-9C90-9018A0C3D879}.Ad-Hoc|ARM.ActiveCfg = Debug|Any CPU
		{B121F0CE-4EAA-4499-9C90-9018A0C3D879}.Ad-Hoc|ARM.Build.0 = Debug|Any CPU
		{B121F0CE-4EAA-4499-9C90-9018A0C3D879}.Ad-Hoc|ARM64.ActiveCfg = Debug|Any CPU
		{B121F0CE-4EAA-4499-9C90-9018A0C3D879}.Ad-Hoc|ARM64.Build.0 = Debug|Any CPU
		{B121F0CE-4EAA-4499-9C90-9018A0C3D879}.Ad-Hoc|iPhone.ActiveCfg = Debug|Any CPU
		{B121F0CE-4EAA-4499-9C90-9018A0C3D879}.Ad-Hoc|iPhone.Build.0 = Debug|Any CPU
		{B121F0CE-4EAA-4499-9C90-9018A0C3D879}.Ad-Hoc|iPhoneSimulator.ActiveCfg = Debug|Any CPU
		{B121F0CE-4EAA-4499-9C90-9018A0C3D879}.Ad-Hoc|iPhoneSimulator.Build.0 = Debug|Any CPU
		{B121F0CE-4EAA-4499-9C90-9018A0C3D879}.Ad-Hoc|x64.ActiveCfg = Debug|Any CPU
		{B121F0CE-4EAA-4499-9C90-9018A0C3D879}.Ad-Hoc|x64.Build.0 = Debug|Any CPU
		{B121F0CE-4EAA-4499-9C90-9018A0C3D879}.Ad-Hoc|x86.ActiveCfg = Debug|Any CPU
		{B121F0CE-4EAA-4499-9C90-9018A0C3D879}.Ad-Hoc|x86.Build.0 = Debug|Any CPU
		{B121F0CE-4EAA-4499-9C90-9018A0C3D879}.AppStore|Any CPU.ActiveCfg = Debug|Any CPU
		{B121F0CE-4EAA-4499-9C90-9018A0C3D879}.AppStore|Any CPU.Build.0 = Debug|Any CPU
		{B121F0CE-4EAA-4499-9C90-9018A0C3D879}.AppStore|ARM.ActiveCfg = Debug|Any CPU
		{B121F0CE-4EAA-4499-9C90-9018A0C3D879}.AppStore|ARM.Build.0 = Debug|Any CPU
		{B121F0CE-4EAA-4499-9C90-9018A0C3D879}.AppStore|ARM64.ActiveCfg = Debug|Any CPU
		{B121F0CE-4EAA-4499-9C90-9018A0C3D879}.AppStore|ARM64.Build.0 = Debug|Any CPU
		{B121F0CE-4EAA-4499-9C90-9018A0C3D879}.AppStore|iPhone.ActiveCfg = Debug|Any CPU
		{B121F0CE-4EAA-4499-9C90-9018A0C3D879}.AppStore|iPhone.Build.0 = Debug|Any CPU
		{B121F0CE-4EAA-4499-9C90-9018A0C3D879}.AppStore|iPhoneSimulator.ActiveCfg = Debug|Any CPU
		{B121F0CE-4EAA-4499-9C90-9018A0C3D879}.AppStore|iPhoneSimulator.Build.0 = Debug|Any CPU
		{B121F0CE-4EAA-4499-9C90-9018A0C3D879}.AppStore|x64.ActiveCfg = Debug|Any CPU
		{B121F0CE-4EAA-4499-9C90-9018A0C3D879}.AppStore|x64.Build.0 = Debug|Any CPU
		{B121F0CE-4EAA-4499-9C90-9018A0C3D879}.AppStore|x86.ActiveCfg = Debug|Any CPU
		{B121F0CE-4EAA-4499-9C90-9018A0C3D879}.AppStore|x86.Build.0 = Debug|Any CPU
		{B121F0CE-4EAA-4499-9C90-9018A0C3D879}.Debug|Any CPU.ActiveCfg = Debug|Any CPU
		{B121F0CE-4EAA-4499-9C90-9018A0C3D879}.Debug|Any CPU.Build.0 = Debug|Any CPU
		{B121F0CE-4EAA-4499-9C90-9018A0C3D879}.Debug|ARM.ActiveCfg = Debug|Any CPU
		{B121F0CE-4EAA-4499-9C90-9018A0C3D879}.Debug|ARM.Build.0 = Debug|Any CPU
		{B121F0CE-4EAA-4499-9C90-9018A0C3D879}.Debug|ARM64.ActiveCfg = Debug|Any CPU
		{B121F0CE-4EAA-4499-9C90-9018A0C3D879}.Debug|ARM64.Build.0 = Debug|Any CPU
		{B121F0CE-4EAA-4499-9C90-9018A0C3D879}.Debug|iPhone.ActiveCfg = Debug|Any CPU
		{B121F0CE-4EAA-4499-9C90-9018A0C3D879}.Debug|iPhone.Build.0 = Debug|Any CPU
		{B121F0CE-4EAA-4499-9C90-9018A0C3D879}.Debug|iPhoneSimulator.ActiveCfg = Debug|Any CPU
		{B121F0CE-4EAA-4499-9C90-9018A0C3D879}.Debug|iPhoneSimulator.Build.0 = Debug|Any CPU
		{B121F0CE-4EAA-4499-9C90-9018A0C3D879}.Debug|x64.ActiveCfg = Debug|Any CPU
		{B121F0CE-4EAA-4499-9C90-9018A0C3D879}.Debug|x64.Build.0 = Debug|Any CPU
		{B121F0CE-4EAA-4499-9C90-9018A0C3D879}.Debug|x86.ActiveCfg = Debug|Any CPU
		{B121F0CE-4EAA-4499-9C90-9018A0C3D879}.Debug|x86.Build.0 = Debug|Any CPU
		{B121F0CE-4EAA-4499-9C90-9018A0C3D879}.Release|Any CPU.ActiveCfg = Release|Any CPU
		{B121F0CE-4EAA-4499-9C90-9018A0C3D879}.Release|Any CPU.Build.0 = Release|Any CPU
		{B121F0CE-4EAA-4499-9C90-9018A0C3D879}.Release|ARM.ActiveCfg = Release|Any CPU
		{B121F0CE-4EAA-4499-9C90-9018A0C3D879}.Release|ARM.Build.0 = Release|Any CPU
		{B121F0CE-4EAA-4499-9C90-9018A0C3D879}.Release|ARM64.ActiveCfg = Release|Any CPU
		{B121F0CE-4EAA-4499-9C90-9018A0C3D879}.Release|ARM64.Build.0 = Release|Any CPU
		{B121F0CE-4EAA-4499-9C90-9018A0C3D879}.Release|iPhone.ActiveCfg = Release|Any CPU
		{B121F0CE-4EAA-4499-9C90-9018A0C3D879}.Release|iPhone.Build.0 = Release|Any CPU
		{B121F0CE-4EAA-4499-9C90-9018A0C3D879}.Release|iPhoneSimulator.ActiveCfg = Release|Any CPU
		{B121F0CE-4EAA-4499-9C90-9018A0C3D879}.Release|iPhoneSimulator.Build.0 = Release|Any CPU
		{B121F0CE-4EAA-4499-9C90-9018A0C3D879}.Release|x64.ActiveCfg = Release|Any CPU
		{B121F0CE-4EAA-4499-9C90-9018A0C3D879}.Release|x64.Build.0 = Release|Any CPU
		{B121F0CE-4EAA-4499-9C90-9018A0C3D879}.Release|x86.ActiveCfg = Release|Any CPU
		{B121F0CE-4EAA-4499-9C90-9018A0C3D879}.Release|x86.Build.0 = Release|Any CPU
		{C34F90ED-C042-407B-BAEA-38E481694BE3}.Ad-Hoc|Any CPU.ActiveCfg = Debug|Any CPU
		{C34F90ED-C042-407B-BAEA-38E481694BE3}.Ad-Hoc|Any CPU.Build.0 = Debug|Any CPU
		{C34F90ED-C042-407B-BAEA-38E481694BE3}.Ad-Hoc|ARM.ActiveCfg = Debug|Any CPU
		{C34F90ED-C042-407B-BAEA-38E481694BE3}.Ad-Hoc|ARM.Build.0 = Debug|Any CPU
		{C34F90ED-C042-407B-BAEA-38E481694BE3}.Ad-Hoc|ARM64.ActiveCfg = Debug|Any CPU
		{C34F90ED-C042-407B-BAEA-38E481694BE3}.Ad-Hoc|ARM64.Build.0 = Debug|Any CPU
		{C34F90ED-C042-407B-BAEA-38E481694BE3}.Ad-Hoc|iPhone.ActiveCfg = Debug|Any CPU
		{C34F90ED-C042-407B-BAEA-38E481694BE3}.Ad-Hoc|iPhone.Build.0 = Debug|Any CPU
		{C34F90ED-C042-407B-BAEA-38E481694BE3}.Ad-Hoc|iPhoneSimulator.ActiveCfg = Debug|Any CPU
		{C34F90ED-C042-407B-BAEA-38E481694BE3}.Ad-Hoc|iPhoneSimulator.Build.0 = Debug|Any CPU
		{C34F90ED-C042-407B-BAEA-38E481694BE3}.Ad-Hoc|x64.ActiveCfg = Debug|Any CPU
		{C34F90ED-C042-407B-BAEA-38E481694BE3}.Ad-Hoc|x64.Build.0 = Debug|Any CPU
		{C34F90ED-C042-407B-BAEA-38E481694BE3}.Ad-Hoc|x86.ActiveCfg = Debug|Any CPU
		{C34F90ED-C042-407B-BAEA-38E481694BE3}.Ad-Hoc|x86.Build.0 = Debug|Any CPU
		{C34F90ED-C042-407B-BAEA-38E481694BE3}.AppStore|Any CPU.ActiveCfg = Debug|Any CPU
		{C34F90ED-C042-407B-BAEA-38E481694BE3}.AppStore|Any CPU.Build.0 = Debug|Any CPU
		{C34F90ED-C042-407B-BAEA-38E481694BE3}.AppStore|ARM.ActiveCfg = Debug|Any CPU
		{C34F90ED-C042-407B-BAEA-38E481694BE3}.AppStore|ARM.Build.0 = Debug|Any CPU
		{C34F90ED-C042-407B-BAEA-38E481694BE3}.AppStore|ARM64.ActiveCfg = Debug|Any CPU
		{C34F90ED-C042-407B-BAEA-38E481694BE3}.AppStore|ARM64.Build.0 = Debug|Any CPU
		{C34F90ED-C042-407B-BAEA-38E481694BE3}.AppStore|iPhone.ActiveCfg = Debug|Any CPU
		{C34F90ED-C042-407B-BAEA-38E481694BE3}.AppStore|iPhone.Build.0 = Debug|Any CPU
		{C34F90ED-C042-407B-BAEA-38E481694BE3}.AppStore|iPhoneSimulator.ActiveCfg = Debug|Any CPU
		{C34F90ED-C042-407B-BAEA-38E481694BE3}.AppStore|iPhoneSimulator.Build.0 = Debug|Any CPU
		{C34F90ED-C042-407B-BAEA-38E481694BE3}.AppStore|x64.ActiveCfg = Debug|Any CPU
		{C34F90ED-C042-407B-BAEA-38E481694BE3}.AppStore|x64.Build.0 = Debug|Any CPU
		{C34F90ED-C042-407B-BAEA-38E481694BE3}.AppStore|x86.ActiveCfg = Debug|Any CPU
		{C34F90ED-C042-407B-BAEA-38E481694BE3}.AppStore|x86.Build.0 = Debug|Any CPU
		{C34F90ED-C042-407B-BAEA-38E481694BE3}.Debug|Any CPU.ActiveCfg = Debug|Any CPU
		{C34F90ED-C042-407B-BAEA-38E481694BE3}.Debug|Any CPU.Build.0 = Debug|Any CPU
		{C34F90ED-C042-407B-BAEA-38E481694BE3}.Debug|ARM.ActiveCfg = Debug|Any CPU
		{C34F90ED-C042-407B-BAEA-38E481694BE3}.Debug|ARM.Build.0 = Debug|Any CPU
		{C34F90ED-C042-407B-BAEA-38E481694BE3}.Debug|ARM64.ActiveCfg = Debug|Any CPU
		{C34F90ED-C042-407B-BAEA-38E481694BE3}.Debug|ARM64.Build.0 = Debug|Any CPU
		{C34F90ED-C042-407B-BAEA-38E481694BE3}.Debug|iPhone.ActiveCfg = Debug|Any CPU
		{C34F90ED-C042-407B-BAEA-38E481694BE3}.Debug|iPhone.Build.0 = Debug|Any CPU
		{C34F90ED-C042-407B-BAEA-38E481694BE3}.Debug|iPhoneSimulator.ActiveCfg = Debug|Any CPU
		{C34F90ED-C042-407B-BAEA-38E481694BE3}.Debug|iPhoneSimulator.Build.0 = Debug|Any CPU
		{C34F90ED-C042-407B-BAEA-38E481694BE3}.Debug|x64.ActiveCfg = Debug|Any CPU
		{C34F90ED-C042-407B-BAEA-38E481694BE3}.Debug|x64.Build.0 = Debug|Any CPU
		{C34F90ED-C042-407B-BAEA-38E481694BE3}.Debug|x86.ActiveCfg = Debug|Any CPU
		{C34F90ED-C042-407B-BAEA-38E481694BE3}.Debug|x86.Build.0 = Debug|Any CPU
		{C34F90ED-C042-407B-BAEA-38E481694BE3}.Release|Any CPU.ActiveCfg = Release|Any CPU
		{C34F90ED-C042-407B-BAEA-38E481694BE3}.Release|Any CPU.Build.0 = Release|Any CPU
		{C34F90ED-C042-407B-BAEA-38E481694BE3}.Release|ARM.ActiveCfg = Release|Any CPU
		{C34F90ED-C042-407B-BAEA-38E481694BE3}.Release|ARM.Build.0 = Release|Any CPU
		{C34F90ED-C042-407B-BAEA-38E481694BE3}.Release|ARM64.ActiveCfg = Release|Any CPU
		{C34F90ED-C042-407B-BAEA-38E481694BE3}.Release|ARM64.Build.0 = Release|Any CPU
		{C34F90ED-C042-407B-BAEA-38E481694BE3}.Release|iPhone.ActiveCfg = Release|Any CPU
		{C34F90ED-C042-407B-BAEA-38E481694BE3}.Release|iPhone.Build.0 = Release|Any CPU
		{C34F90ED-C042-407B-BAEA-38E481694BE3}.Release|iPhoneSimulator.ActiveCfg = Release|Any CPU
		{C34F90ED-C042-407B-BAEA-38E481694BE3}.Release|iPhoneSimulator.Build.0 = Release|Any CPU
		{C34F90ED-C042-407B-BAEA-38E481694BE3}.Release|x64.ActiveCfg = Release|Any CPU
		{C34F90ED-C042-407B-BAEA-38E481694BE3}.Release|x64.Build.0 = Release|Any CPU
		{C34F90ED-C042-407B-BAEA-38E481694BE3}.Release|x86.ActiveCfg = Release|Any CPU
		{C34F90ED-C042-407B-BAEA-38E481694BE3}.Release|x86.Build.0 = Release|Any CPU
		{F2E59005-8A48-4B29-BF04-3C5F593C4257}.Ad-Hoc|Any CPU.ActiveCfg = Debug|Any CPU
		{F2E59005-8A48-4B29-BF04-3C5F593C4257}.Ad-Hoc|Any CPU.Build.0 = Debug|Any CPU
		{F2E59005-8A48-4B29-BF04-3C5F593C4257}.Ad-Hoc|ARM.ActiveCfg = Debug|Any CPU
		{F2E59005-8A48-4B29-BF04-3C5F593C4257}.Ad-Hoc|ARM.Build.0 = Debug|Any CPU
		{F2E59005-8A48-4B29-BF04-3C5F593C4257}.Ad-Hoc|ARM64.ActiveCfg = Debug|Any CPU
		{F2E59005-8A48-4B29-BF04-3C5F593C4257}.Ad-Hoc|ARM64.Build.0 = Debug|Any CPU
		{F2E59005-8A48-4B29-BF04-3C5F593C4257}.Ad-Hoc|iPhone.ActiveCfg = Debug|Any CPU
		{F2E59005-8A48-4B29-BF04-3C5F593C4257}.Ad-Hoc|iPhone.Build.0 = Debug|Any CPU
		{F2E59005-8A48-4B29-BF04-3C5F593C4257}.Ad-Hoc|iPhoneSimulator.ActiveCfg = Debug|Any CPU
		{F2E59005-8A48-4B29-BF04-3C5F593C4257}.Ad-Hoc|iPhoneSimulator.Build.0 = Debug|Any CPU
		{F2E59005-8A48-4B29-BF04-3C5F593C4257}.Ad-Hoc|x64.ActiveCfg = Debug|Any CPU
		{F2E59005-8A48-4B29-BF04-3C5F593C4257}.Ad-Hoc|x64.Build.0 = Debug|Any CPU
		{F2E59005-8A48-4B29-BF04-3C5F593C4257}.Ad-Hoc|x86.ActiveCfg = Debug|Any CPU
		{F2E59005-8A48-4B29-BF04-3C5F593C4257}.Ad-Hoc|x86.Build.0 = Debug|Any CPU
		{F2E59005-8A48-4B29-BF04-3C5F593C4257}.AppStore|Any CPU.ActiveCfg = Debug|Any CPU
		{F2E59005-8A48-4B29-BF04-3C5F593C4257}.AppStore|Any CPU.Build.0 = Debug|Any CPU
		{F2E59005-8A48-4B29-BF04-3C5F593C4257}.AppStore|ARM.ActiveCfg = Debug|Any CPU
		{F2E59005-8A48-4B29-BF04-3C5F593C4257}.AppStore|ARM.Build.0 = Debug|Any CPU
		{F2E59005-8A48-4B29-BF04-3C5F593C4257}.AppStore|ARM64.ActiveCfg = Debug|Any CPU
		{F2E59005-8A48-4B29-BF04-3C5F593C4257}.AppStore|ARM64.Build.0 = Debug|Any CPU
		{F2E59005-8A48-4B29-BF04-3C5F593C4257}.AppStore|iPhone.ActiveCfg = Debug|Any CPU
		{F2E59005-8A48-4B29-BF04-3C5F593C4257}.AppStore|iPhone.Build.0 = Debug|Any CPU
		{F2E59005-8A48-4B29-BF04-3C5F593C4257}.AppStore|iPhoneSimulator.ActiveCfg = Debug|Any CPU
		{F2E59005-8A48-4B29-BF04-3C5F593C4257}.AppStore|iPhoneSimulator.Build.0 = Debug|Any CPU
		{F2E59005-8A48-4B29-BF04-3C5F593C4257}.AppStore|x64.ActiveCfg = Debug|Any CPU
		{F2E59005-8A48-4B29-BF04-3C5F593C4257}.AppStore|x64.Build.0 = Debug|Any CPU
		{F2E59005-8A48-4B29-BF04-3C5F593C4257}.AppStore|x86.ActiveCfg = Debug|Any CPU
		{F2E59005-8A48-4B29-BF04-3C5F593C4257}.AppStore|x86.Build.0 = Debug|Any CPU
		{F2E59005-8A48-4B29-BF04-3C5F593C4257}.Debug|Any CPU.ActiveCfg = Debug|Any CPU
		{F2E59005-8A48-4B29-BF04-3C5F593C4257}.Debug|Any CPU.Build.0 = Debug|Any CPU
		{F2E59005-8A48-4B29-BF04-3C5F593C4257}.Debug|ARM.ActiveCfg = Debug|Any CPU
		{F2E59005-8A48-4B29-BF04-3C5F593C4257}.Debug|ARM.Build.0 = Debug|Any CPU
		{F2E59005-8A48-4B29-BF04-3C5F593C4257}.Debug|ARM64.ActiveCfg = Debug|Any CPU
		{F2E59005-8A48-4B29-BF04-3C5F593C4257}.Debug|ARM64.Build.0 = Debug|Any CPU
		{F2E59005-8A48-4B29-BF04-3C5F593C4257}.Debug|iPhone.ActiveCfg = Debug|Any CPU
		{F2E59005-8A48-4B29-BF04-3C5F593C4257}.Debug|iPhone.Build.0 = Debug|Any CPU
		{F2E59005-8A48-4B29-BF04-3C5F593C4257}.Debug|iPhoneSimulator.ActiveCfg = Debug|Any CPU
		{F2E59005-8A48-4B29-BF04-3C5F593C4257}.Debug|iPhoneSimulator.Build.0 = Debug|Any CPU
		{F2E59005-8A48-4B29-BF04-3C5F593C4257}.Debug|x64.ActiveCfg = Debug|Any CPU
		{F2E59005-8A48-4B29-BF04-3C5F593C4257}.Debug|x64.Build.0 = Debug|Any CPU
		{F2E59005-8A48-4B29-BF04-3C5F593C4257}.Debug|x86.ActiveCfg = Debug|Any CPU
		{F2E59005-8A48-4B29-BF04-3C5F593C4257}.Debug|x86.Build.0 = Debug|Any CPU
		{F2E59005-8A48-4B29-BF04-3C5F593C4257}.Release|Any CPU.ActiveCfg = Release|Any CPU
		{F2E59005-8A48-4B29-BF04-3C5F593C4257}.Release|Any CPU.Build.0 = Release|Any CPU
		{F2E59005-8A48-4B29-BF04-3C5F593C4257}.Release|ARM.ActiveCfg = Release|Any CPU
		{F2E59005-8A48-4B29-BF04-3C5F593C4257}.Release|ARM.Build.0 = Release|Any CPU
		{F2E59005-8A48-4B29-BF04-3C5F593C4257}.Release|ARM64.ActiveCfg = Release|Any CPU
		{F2E59005-8A48-4B29-BF04-3C5F593C4257}.Release|ARM64.Build.0 = Release|Any CPU
		{F2E59005-8A48-4B29-BF04-3C5F593C4257}.Release|iPhone.ActiveCfg = Release|Any CPU
		{F2E59005-8A48-4B29-BF04-3C5F593C4257}.Release|iPhone.Build.0 = Release|Any CPU
		{F2E59005-8A48-4B29-BF04-3C5F593C4257}.Release|iPhoneSimulator.ActiveCfg = Release|Any CPU
		{F2E59005-8A48-4B29-BF04-3C5F593C4257}.Release|iPhoneSimulator.Build.0 = Release|Any CPU
		{F2E59005-8A48-4B29-BF04-3C5F593C4257}.Release|x64.ActiveCfg = Release|Any CPU
		{F2E59005-8A48-4B29-BF04-3C5F593C4257}.Release|x64.Build.0 = Release|Any CPU
		{F2E59005-8A48-4B29-BF04-3C5F593C4257}.Release|x86.ActiveCfg = Release|Any CPU
		{F2E59005-8A48-4B29-BF04-3C5F593C4257}.Release|x86.Build.0 = Release|Any CPU
	EndGlobalSection
	GlobalSection(SolutionProperties) = preSolution
		HideSolutionNode = FALSE
	EndGlobalSection
	GlobalSection(ExtensibilityGlobals) = postSolution
		SolutionGuid = {60167BC5-6543-461C-AFFB-463B1857D6AC}
	EndGlobalSection
EndGlobal
